// !$*UTF8*$!
{
	archiveVersion = 1;
	classes = {
	};
	objectVersion = 50;
	objects = {

/* Begin PBXBuildFile section */
		726507D242B1DC1D92FF69C6 /* Pods_TVShows.framework in Frameworks */ = {isa = PBXBuildFile; fileRef = A9D2AAF0B705B55530E9C5EE /* Pods_TVShows.framework */; };
		D04FFCBE21498C570063B7F9 /* Show.swift in Sources */ = {isa = PBXBuildFile; fileRef = D04FFCBD21498C570063B7F9 /* Show.swift */; };
		D04FFCC2214997810063B7F9 /* ShowDetailsViewController.swift in Sources */ = {isa = PBXBuildFile; fileRef = D04FFCC1214997810063B7F9 /* ShowDetailsViewController.swift */; };
		D04FFCC4214998910063B7F9 /* Episode.swift in Sources */ = {isa = PBXBuildFile; fileRef = D04FFCC3214998910063B7F9 /* Episode.swift */; };
		D04FFCC621499B600063B7F9 /* EpisodeTableViewCell.swift in Sources */ = {isa = PBXBuildFile; fileRef = D04FFCC521499B600063B7F9 /* EpisodeTableViewCell.swift */; };
		D04FFCC821499EFB0063B7F9 /* EpisodeDetailsViewController.swift in Sources */ = {isa = PBXBuildFile; fileRef = D04FFCC721499EFB0063B7F9 /* EpisodeDetailsViewController.swift */; };
		D04FFCCA2149AA9F0063B7F9 /* CommentsViewController.swift in Sources */ = {isa = PBXBuildFile; fileRef = D04FFCC92149AA9F0063B7F9 /* CommentsViewController.swift */; };
		D04FFCCC2149AD340063B7F9 /* Comment.swift in Sources */ = {isa = PBXBuildFile; fileRef = D04FFCCB2149AD340063B7F9 /* Comment.swift */; };
		D04FFCCE2149AF270063B7F9 /* CommentTableViewCell.swift in Sources */ = {isa = PBXBuildFile; fileRef = D04FFCCD2149AF270063B7F9 /* CommentTableViewCell.swift */; };
		D04FFCD02149B9540063B7F9 /* NoCommentsView.xib in Resources */ = {isa = PBXBuildFile; fileRef = D04FFCCF2149B9540063B7F9 /* NoCommentsView.xib */; };
		D04FFCD22149BA430063B7F9 /* NoCommentsView.swift in Sources */ = {isa = PBXBuildFile; fileRef = D04FFCD12149BA430063B7F9 /* NoCommentsView.swift */; };
		D04FFCD8214A58D90063B7F9 /* Helper.swift in Sources */ = {isa = PBXBuildFile; fileRef = D04FFCD7214A58D90063B7F9 /* Helper.swift */; };
		D04FFCDA214A5A6C0063B7F9 /* APIHelper.swift in Sources */ = {isa = PBXBuildFile; fileRef = D04FFCD9214A5A6C0063B7F9 /* APIHelper.swift */; };
		D04FFCE0214A9F340063B7F9 /* AddEpisodeViewController.swift in Sources */ = {isa = PBXBuildFile; fileRef = D04FFCDF214A9F340063B7F9 /* AddEpisodeViewController.swift */; };
		D066031021492EED00432AD8 /* AppDelegate.swift in Sources */ = {isa = PBXBuildFile; fileRef = D066030F21492EED00432AD8 /* AppDelegate.swift */; };
		D066031521492EED00432AD8 /* Main.storyboard in Resources */ = {isa = PBXBuildFile; fileRef = D066031321492EED00432AD8 /* Main.storyboard */; };
		D066031721492EEE00432AD8 /* Assets.xcassets in Resources */ = {isa = PBXBuildFile; fileRef = D066031621492EEE00432AD8 /* Assets.xcassets */; };
		D066031A21492EEE00432AD8 /* LaunchScreen.storyboard in Resources */ = {isa = PBXBuildFile; fileRef = D066031821492EEE00432AD8 /* LaunchScreen.storyboard */; };
		D06603222149346300432AD8 /* LoginViewController.swift in Sources */ = {isa = PBXBuildFile; fileRef = D06603212149346300432AD8 /* LoginViewController.swift */; };
		D066032421496AE800432AD8 /* ShowsTableViewController.swift in Sources */ = {isa = PBXBuildFile; fileRef = D066032321496AE800432AD8 /* ShowsTableViewController.swift */; };
		D066032621496BBE00432AD8 /* ShowTableViewCell.swift in Sources */ = {isa = PBXBuildFile; fileRef = D066032521496BBE00432AD8 /* ShowTableViewCell.swift */; };
/* End PBXBuildFile section */

/* Begin PBXFileReference section */
		4EF2BD3DBE39882A80C29E96 /* Pods-TVShows.debug.xcconfig */ = {isa = PBXFileReference; includeInIndex = 1; lastKnownFileType = text.xcconfig; name = "Pods-TVShows.debug.xcconfig"; path = "Pods/Target Support Files/Pods-TVShows/Pods-TVShows.debug.xcconfig"; sourceTree = "<group>"; };
		A9D2AAF0B705B55530E9C5EE /* Pods_TVShows.framework */ = {isa = PBXFileReference; explicitFileType = wrapper.framework; includeInIndex = 0; path = Pods_TVShows.framework; sourceTree = BUILT_PRODUCTS_DIR; };
		CB4C052CF6D052FA91E4A463 /* Pods-TVShows.release.xcconfig */ = {isa = PBXFileReference; includeInIndex = 1; lastKnownFileType = text.xcconfig; name = "Pods-TVShows.release.xcconfig"; path = "Pods/Target Support Files/Pods-TVShows/Pods-TVShows.release.xcconfig"; sourceTree = "<group>"; };
		D04FFCBD21498C570063B7F9 /* Show.swift */ = {isa = PBXFileReference; lastKnownFileType = sourcecode.swift; path = Show.swift; sourceTree = "<group>"; };
		D04FFCC1214997810063B7F9 /* ShowDetailsViewController.swift */ = {isa = PBXFileReference; fileEncoding = 4; lastKnownFileType = sourcecode.swift; path = ShowDetailsViewController.swift; sourceTree = "<group>"; };
		D04FFCC3214998910063B7F9 /* Episode.swift */ = {isa = PBXFileReference; lastKnownFileType = sourcecode.swift; path = Episode.swift; sourceTree = "<group>"; };
		D04FFCC521499B600063B7F9 /* EpisodeTableViewCell.swift */ = {isa = PBXFileReference; lastKnownFileType = sourcecode.swift; path = EpisodeTableViewCell.swift; sourceTree = "<group>"; };
		D04FFCC721499EFB0063B7F9 /* EpisodeDetailsViewController.swift */ = {isa = PBXFileReference; lastKnownFileType = sourcecode.swift; path = EpisodeDetailsViewController.swift; sourceTree = "<group>"; };
		D04FFCC92149AA9F0063B7F9 /* CommentsViewController.swift */ = {isa = PBXFileReference; lastKnownFileType = sourcecode.swift; path = CommentsViewController.swift; sourceTree = "<group>"; };
		D04FFCCB2149AD340063B7F9 /* Comment.swift */ = {isa = PBXFileReference; lastKnownFileType = sourcecode.swift; path = Comment.swift; sourceTree = "<group>"; };
		D04FFCCD2149AF270063B7F9 /* CommentTableViewCell.swift */ = {isa = PBXFileReference; lastKnownFileType = sourcecode.swift; path = CommentTableViewCell.swift; sourceTree = "<group>"; };
		D04FFCCF2149B9540063B7F9 /* NoCommentsView.xib */ = {isa = PBXFileReference; lastKnownFileType = file.xib; path = NoCommentsView.xib; sourceTree = "<group>"; };
		D04FFCD12149BA430063B7F9 /* NoCommentsView.swift */ = {isa = PBXFileReference; lastKnownFileType = sourcecode.swift; path = NoCommentsView.swift; sourceTree = "<group>"; };
		D04FFCD7214A58D90063B7F9 /* Helper.swift */ = {isa = PBXFileReference; lastKnownFileType = sourcecode.swift; path = Helper.swift; sourceTree = "<group>"; };
		D04FFCD9214A5A6C0063B7F9 /* APIHelper.swift */ = {isa = PBXFileReference; lastKnownFileType = sourcecode.swift; path = APIHelper.swift; sourceTree = "<group>"; };
		D04FFCDF214A9F340063B7F9 /* AddEpisodeViewController.swift */ = {isa = PBXFileReference; lastKnownFileType = sourcecode.swift; path = AddEpisodeViewController.swift; sourceTree = "<group>"; };
		D066030C21492EED00432AD8 /* TVShows.app */ = {isa = PBXFileReference; explicitFileType = wrapper.application; includeInIndex = 0; path = TVShows.app; sourceTree = BUILT_PRODUCTS_DIR; };
		D066030F21492EED00432AD8 /* AppDelegate.swift */ = {isa = PBXFileReference; lastKnownFileType = sourcecode.swift; path = AppDelegate.swift; sourceTree = "<group>"; };
		D066031421492EED00432AD8 /* Base */ = {isa = PBXFileReference; lastKnownFileType = file.storyboard; name = Base; path = Base.lproj/Main.storyboard; sourceTree = "<group>"; };
		D066031621492EEE00432AD8 /* Assets.xcassets */ = {isa = PBXFileReference; lastKnownFileType = folder.assetcatalog; path = Assets.xcassets; sourceTree = "<group>"; };
		D066031921492EEE00432AD8 /* Base */ = {isa = PBXFileReference; lastKnownFileType = file.storyboard; name = Base; path = Base.lproj/LaunchScreen.storyboard; sourceTree = "<group>"; };
		D066031B21492EEE00432AD8 /* Info.plist */ = {isa = PBXFileReference; lastKnownFileType = text.plist.xml; path = Info.plist; sourceTree = "<group>"; };
		D06603212149346300432AD8 /* LoginViewController.swift */ = {isa = PBXFileReference; lastKnownFileType = sourcecode.swift; path = LoginViewController.swift; sourceTree = "<group>"; };
		D066032321496AE800432AD8 /* ShowsTableViewController.swift */ = {isa = PBXFileReference; lastKnownFileType = sourcecode.swift; path = ShowsTableViewController.swift; sourceTree = "<group>"; };
		D066032521496BBE00432AD8 /* ShowTableViewCell.swift */ = {isa = PBXFileReference; lastKnownFileType = sourcecode.swift; path = ShowTableViewCell.swift; sourceTree = "<group>"; };
/* End PBXFileReference section */

/* Begin PBXFrameworksBuildPhase section */
		D066030921492EED00432AD8 /* Frameworks */ = {
			isa = PBXFrameworksBuildPhase;
			buildActionMask = 2147483647;
			files = (
				726507D242B1DC1D92FF69C6 /* Pods_TVShows.framework in Frameworks */,
			);
			runOnlyForDeploymentPostprocessing = 0;
		};
/* End PBXFrameworksBuildPhase section */

/* Begin PBXGroup section */
		705CDF454AEAE7B73424CD47 /* Pods */ = {
			isa = PBXGroup;
			children = (
				4EF2BD3DBE39882A80C29E96 /* Pods-TVShows.debug.xcconfig */,
				CB4C052CF6D052FA91E4A463 /* Pods-TVShows.release.xcconfig */,
			);
			name = Pods;
			sourceTree = "<group>";
		};
		9C430B705A87B29CBEBB5B01 /* Frameworks */ = {
			isa = PBXGroup;
			children = (
				A9D2AAF0B705B55530E9C5EE /* Pods_TVShows.framework */,
			);
			name = Frameworks;
			sourceTree = "<group>";
		};
		D04FFCD3214A58810063B7F9 /* Login */ = {
			isa = PBXGroup;
			children = (
				D06603212149346300432AD8 /* LoginViewController.swift */,
			);
			path = Login;
			sourceTree = "<group>";
		};
		D04FFCD4214A588A0063B7F9 /* Show */ = {
			isa = PBXGroup;
			children = (
				D066032321496AE800432AD8 /* ShowsTableViewController.swift */,
				D04FFCBD21498C570063B7F9 /* Show.swift */,
				D04FFCC1214997810063B7F9 /* ShowDetailsViewController.swift */,
				D066032521496BBE00432AD8 /* ShowTableViewCell.swift */,
			);
			path = Show;
			sourceTree = "<group>";
		};
		D04FFCD5214A58920063B7F9 /* Episode */ = {
			isa = PBXGroup;
			children = (
				D04FFCC3214998910063B7F9 /* Episode.swift */,
				D04FFCC521499B600063B7F9 /* EpisodeTableViewCell.swift */,
				D04FFCC721499EFB0063B7F9 /* EpisodeDetailsViewController.swift */,
				D04FFCDF214A9F340063B7F9 /* AddEpisodeViewController.swift */,
			);
			path = Episode;
			sourceTree = "<group>";
		};
		D04FFCD6214A589A0063B7F9 /* Comment */ = {
			isa = PBXGroup;
			children = (
				D04FFCCB2149AD340063B7F9 /* Comment.swift */,
				D04FFCC92149AA9F0063B7F9 /* CommentsViewController.swift */,
				D04FFCCD2149AF270063B7F9 /* CommentTableViewCell.swift */,
				D04FFCCF2149B9540063B7F9 /* NoCommentsView.xib */,
				D04FFCD12149BA430063B7F9 /* NoCommentsView.swift */,
			);
			path = Comment;
			sourceTree = "<group>";
		};
		D066030321492EED00432AD8 = {
			isa = PBXGroup;
			children = (
				D066030E21492EED00432AD8 /* TVShows */,
				D066030D21492EED00432AD8 /* Products */,
				705CDF454AEAE7B73424CD47 /* Pods */,
				9C430B705A87B29CBEBB5B01 /* Frameworks */,
			);
			sourceTree = "<group>";
		};
		D066030D21492EED00432AD8 /* Products */ = {
			isa = PBXGroup;
			children = (
				D066030C21492EED00432AD8 /* TVShows.app */,
			);
			name = Products;
			sourceTree = "<group>";
		};
		D066030E21492EED00432AD8 /* TVShows */ = {
			isa = PBXGroup;
			children = (
				D04FFCD7214A58D90063B7F9 /* Helper.swift */,
				D04FFCD9214A5A6C0063B7F9 /* APIHelper.swift */,
				D04FFCD3214A58810063B7F9 /* Login */,
				D04FFCD4214A588A0063B7F9 /* Show */,
				D04FFCD5214A58920063B7F9 /* Episode */,
				D04FFCD6214A589A0063B7F9 /* Comment */,
				D066030F21492EED00432AD8 /* AppDelegate.swift */,
				D066031321492EED00432AD8 /* Main.storyboard */,
				D066031621492EEE00432AD8 /* Assets.xcassets */,
				D066031821492EEE00432AD8 /* LaunchScreen.storyboard */,
				D066031B21492EEE00432AD8 /* Info.plist */,
			);
			path = TVShows;
			sourceTree = "<group>";
		};
/* End PBXGroup section */

/* Begin PBXNativeTarget section */
		D066030B21492EED00432AD8 /* TVShows */ = {
			isa = PBXNativeTarget;
			buildConfigurationList = D066031E21492EEE00432AD8 /* Build configuration list for PBXNativeTarget "TVShows" */;
			buildPhases = (
				8F2A9AD016EED76C3BB1B8BA /* [CP] Check Pods Manifest.lock */,
				D066030821492EED00432AD8 /* Sources */,
				D066030921492EED00432AD8 /* Frameworks */,
				D066030A21492EED00432AD8 /* Resources */,
				E194591331C1775C47F20077 /* [CP] Embed Pods Frameworks */,
			);
			buildRules = (
			);
			dependencies = (
			);
			name = TVShows;
			productName = TVShows;
			productReference = D066030C21492EED00432AD8 /* TVShows.app */;
			productType = "com.apple.product-type.application";
		};
/* End PBXNativeTarget section */

/* Begin PBXProject section */
		D066030421492EED00432AD8 /* Project object */ = {
			isa = PBXProject;
			attributes = {
				LastSwiftUpdateCheck = 0940;
				LastUpgradeCheck = 0940;
				ORGANIZATIONNAME = "Petra Cvrljevic";
				TargetAttributes = {
					D066030B21492EED00432AD8 = {
						CreatedOnToolsVersion = 9.4.1;
					};
				};
			};
			buildConfigurationList = D066030721492EED00432AD8 /* Build configuration list for PBXProject "TVShows" */;
			compatibilityVersion = "Xcode 9.3";
			developmentRegion = en;
			hasScannedForEncodings = 0;
			knownRegions = (
				en,
				Base,
			);
			mainGroup = D066030321492EED00432AD8;
			productRefGroup = D066030D21492EED00432AD8 /* Products */;
			projectDirPath = "";
			projectRoot = "";
			targets = (
				D066030B21492EED00432AD8 /* TVShows */,
			);
		};
/* End PBXProject section */

/* Begin PBXResourcesBuildPhase section */
		D066030A21492EED00432AD8 /* Resources */ = {
			isa = PBXResourcesBuildPhase;
			buildActionMask = 2147483647;
			files = (
				D066031A21492EEE00432AD8 /* LaunchScreen.storyboard in Resources */,
				D04FFCD02149B9540063B7F9 /* NoCommentsView.xib in Resources */,
				D066031721492EEE00432AD8 /* Assets.xcassets in Resources */,
				D066031521492EED00432AD8 /* Main.storyboard in Resources */,
			);
			runOnlyForDeploymentPostprocessing = 0;
		};
/* End PBXResourcesBuildPhase section */

/* Begin PBXShellScriptBuildPhase section */
		8F2A9AD016EED76C3BB1B8BA /* [CP] Check Pods Manifest.lock */ = {
			isa = PBXShellScriptBuildPhase;
			buildActionMask = 2147483647;
			files = (
			);
			inputPaths = (
				"${PODS_PODFILE_DIR_PATH}/Podfile.lock",
				"${PODS_ROOT}/Manifest.lock",
			);
			name = "[CP] Check Pods Manifest.lock";
			outputPaths = (
				"$(DERIVED_FILE_DIR)/Pods-TVShows-checkManifestLockResult.txt",
			);
			runOnlyForDeploymentPostprocessing = 0;
			shellPath = /bin/sh;
			shellScript = "diff \"${PODS_PODFILE_DIR_PATH}/Podfile.lock\" \"${PODS_ROOT}/Manifest.lock\" > /dev/null\nif [ $? != 0 ] ; then\n    # print error to STDERR\n    echo \"error: The sandbox is not in sync with the Podfile.lock. Run 'pod install' or update your CocoaPods installation.\" >&2\n    exit 1\nfi\n# This output is used by Xcode 'outputs' to avoid re-running this script phase.\necho \"SUCCESS\" > \"${SCRIPT_OUTPUT_FILE_0}\"\n";
			showEnvVarsInLog = 0;
		};
		E194591331C1775C47F20077 /* [CP] Embed Pods Frameworks */ = {
			isa = PBXShellScriptBuildPhase;
			buildActionMask = 2147483647;
			files = (
			);
			inputPaths = (
				"${SRCROOT}/Pods/Target Support Files/Pods-TVShows/Pods-TVShows-frameworks.sh",
				"${BUILT_PRODUCTS_DIR}/Alamofire/Alamofire.framework",
				"${BUILT_PRODUCTS_DIR}/CodableAlamofire/CodableAlamofire.framework",
				"${BUILT_PRODUCTS_DIR}/Kingfisher/Kingfisher.framework",
				"${BUILT_PRODUCTS_DIR}/MBProgressHUD/MBProgressHUD.framework",
				"${BUILT_PRODUCTS_DIR}/SkyFloatingLabelTextField/SkyFloatingLabelTextField.framework",
				"${BUILT_PRODUCTS_DIR}/SwiftyJSON/SwiftyJSON.framework",
			);
			name = "[CP] Embed Pods Frameworks";
			outputPaths = (
				"${TARGET_BUILD_DIR}/${FRAMEWORKS_FOLDER_PATH}/Alamofire.framework",
				"${TARGET_BUILD_DIR}/${FRAMEWORKS_FOLDER_PATH}/CodableAlamofire.framework",
				"${TARGET_BUILD_DIR}/${FRAMEWORKS_FOLDER_PATH}/Kingfisher.framework",
				"${TARGET_BUILD_DIR}/${FRAMEWORKS_FOLDER_PATH}/MBProgressHUD.framework",
				"${TARGET_BUILD_DIR}/${FRAMEWORKS_FOLDER_PATH}/SkyFloatingLabelTextField.framework",
				"${TARGET_BUILD_DIR}/${FRAMEWORKS_FOLDER_PATH}/SwiftyJSON.framework",
			);
			runOnlyForDeploymentPostprocessing = 0;
			shellPath = /bin/sh;
			shellScript = "\"${SRCROOT}/Pods/Target Support Files/Pods-TVShows/Pods-TVShows-frameworks.sh\"\n";
			showEnvVarsInLog = 0;
		};
/* End PBXShellScriptBuildPhase section */

/* Begin PBXSourcesBuildPhase section */
		D066030821492EED00432AD8 /* Sources */ = {
			isa = PBXSourcesBuildPhase;
			buildActionMask = 2147483647;
			files = (
				D066032421496AE800432AD8 /* ShowsTableViewController.swift in Sources */,
				D04FFCD8214A58D90063B7F9 /* Helper.swift in Sources */,
				D04FFCC621499B600063B7F9 /* EpisodeTableViewCell.swift in Sources */,
				D04FFCDA214A5A6C0063B7F9 /* APIHelper.swift in Sources */,
				D06603222149346300432AD8 /* LoginViewController.swift in Sources */,
				D04FFCC4214998910063B7F9 /* Episode.swift in Sources */,
				D066032621496BBE00432AD8 /* ShowTableViewCell.swift in Sources */,
				D04FFCC821499EFB0063B7F9 /* EpisodeDetailsViewController.swift in Sources */,
				D04FFCBE21498C570063B7F9 /* Show.swift in Sources */,
				D04FFCCE2149AF270063B7F9 /* CommentTableViewCell.swift in Sources */,
				D04FFCE0214A9F340063B7F9 /* AddEpisodeViewController.swift in Sources */,
				D04FFCC2214997810063B7F9 /* ShowDetailsViewController.swift in Sources */,
				D04FFCCA2149AA9F0063B7F9 /* CommentsViewController.swift in Sources */,
				D04FFCCC2149AD340063B7F9 /* Comment.swift in Sources */,
				D04FFCD22149BA430063B7F9 /* NoCommentsView.swift in Sources */,
				D066031021492EED00432AD8 /* AppDelegate.swift in Sources */,
			);
			runOnlyForDeploymentPostprocessing = 0;
		};
/* End PBXSourcesBuildPhase section */

/* Begin PBXVariantGroup section */
		D066031321492EED00432AD8 /* Main.storyboard */ = {
			isa = PBXVariantGroup;
			children = (
				D066031421492EED00432AD8 /* Base */,
			);
			name = Main.storyboard;
			sourceTree = "<group>";
		};
		D066031821492EEE00432AD8 /* LaunchScreen.storyboard */ = {
			isa = PBXVariantGroup;
			children = (
				D066031921492EEE00432AD8 /* Base */,
			);
			name = LaunchScreen.storyboard;
			sourceTree = "<group>";
		};
/* End PBXVariantGroup section */

/* Begin XCBuildConfiguration section */
		D066031C21492EEE00432AD8 /* Debug */ = {
			isa = XCBuildConfiguration;
			buildSettings = {
				ALWAYS_SEARCH_USER_PATHS = NO;
				CLANG_ANALYZER_NONNULL = YES;
				CLANG_ANALYZER_NUMBER_OBJECT_CONVERSION = YES_AGGRESSIVE;
				CLANG_CXX_LANGUAGE_STANDARD = "gnu++14";
				CLANG_CXX_LIBRARY = "libc++";
				CLANG_ENABLE_MODULES = YES;
				CLANG_ENABLE_OBJC_ARC = YES;
				CLANG_ENABLE_OBJC_WEAK = YES;
				CLANG_WARN_BLOCK_CAPTURE_AUTORELEASING = YES;
				CLANG_WARN_BOOL_CONVERSION = YES;
				CLANG_WARN_COMMA = YES;
				CLANG_WARN_CONSTANT_CONVERSION = YES;
				CLANG_WARN_DEPRECATED_OBJC_IMPLEMENTATIONS = YES;
				CLANG_WARN_DIRECT_OBJC_ISA_USAGE = YES_ERROR;
				CLANG_WARN_DOCUMENTATION_COMMENTS = YES;
				CLANG_WARN_EMPTY_BODY = YES;
				CLANG_WARN_ENUM_CONVERSION = YES;
				CLANG_WARN_INFINITE_RECURSION = YES;
				CLANG_WARN_INT_CONVERSION = YES;
				CLANG_WARN_NON_LITERAL_NULL_CONVERSION = YES;
				CLANG_WARN_OBJC_IMPLICIT_RETAIN_SELF = YES;
				CLANG_WARN_OBJC_LITERAL_CONVERSION = YES;
				CLANG_WARN_OBJC_ROOT_CLASS = YES_ERROR;
				CLANG_WARN_RANGE_LOOP_ANALYSIS = YES;
				CLANG_WARN_STRICT_PROTOTYPES = YES;
				CLANG_WARN_SUSPICIOUS_MOVE = YES;
				CLANG_WARN_UNGUARDED_AVAILABILITY = YES_AGGRESSIVE;
				CLANG_WARN_UNREACHABLE_CODE = YES;
				CLANG_WARN__DUPLICATE_METHOD_MATCH = YES;
				CODE_SIGN_IDENTITY = "iPhone Developer";
				COPY_PHASE_STRIP = NO;
				DEBUG_INFORMATION_FORMAT = dwarf;
				ENABLE_STRICT_OBJC_MSGSEND = YES;
				ENABLE_TESTABILITY = YES;
				GCC_C_LANGUAGE_STANDARD = gnu11;
				GCC_DYNAMIC_NO_PIC = NO;
				GCC_NO_COMMON_BLOCKS = YES;
				GCC_OPTIMIZATION_LEVEL = 0;
				GCC_PREPROCESSOR_DEFINITIONS = (
					"DEBUG=1",
					"$(inherited)",
				);
				GCC_WARN_64_TO_32_BIT_CONVERSION = YES;
				GCC_WARN_ABOUT_RETURN_TYPE = YES_ERROR;
				GCC_WARN_UNDECLARED_SELECTOR = YES;
				GCC_WARN_UNINITIALIZED_AUTOS = YES_AGGRESSIVE;
				GCC_WARN_UNUSED_FUNCTION = YES;
				GCC_WARN_UNUSED_VARIABLE = YES;
				IPHONEOS_DEPLOYMENT_TARGET = 11.4;
				MTL_ENABLE_DEBUG_INFO = YES;
				ONLY_ACTIVE_ARCH = YES;
				SDKROOT = iphoneos;
				SWIFT_ACTIVE_COMPILATION_CONDITIONS = DEBUG;
				SWIFT_OPTIMIZATION_LEVEL = "-Onone";
			};
			name = Debug;
		};
		D066031D21492EEE00432AD8 /* Release */ = {
			isa = XCBuildConfiguration;
			buildSettings = {
				ALWAYS_SEARCH_USER_PATHS = NO;
				CLANG_ANALYZER_NONNULL = YES;
				CLANG_ANALYZER_NUMBER_OBJECT_CONVERSION = YES_AGGRESSIVE;
				CLANG_CXX_LANGUAGE_STANDARD = "gnu++14";
				CLANG_CXX_LIBRARY = "libc++";
				CLANG_ENABLE_MODULES = YES;
				CLANG_ENABLE_OBJC_ARC = YES;
				CLANG_ENABLE_OBJC_WEAK = YES;
				CLANG_WARN_BLOCK_CAPTURE_AUTORELEASING = YES;
				CLANG_WARN_BOOL_CONVERSION = YES;
				CLANG_WARN_COMMA = YES;
				CLANG_WARN_CONSTANT_CONVERSION = YES;
				CLANG_WARN_DEPRECATED_OBJC_IMPLEMENTATIONS = YES;
				CLANG_WARN_DIRECT_OBJC_ISA_USAGE = YES_ERROR;
				CLANG_WARN_DOCUMENTATION_COMMENTS = YES;
				CLANG_WARN_EMPTY_BODY = YES;
				CLANG_WARN_ENUM_CONVERSION = YES;
				CLANG_WARN_INFINITE_RECURSION = YES;
				CLANG_WARN_INT_CONVERSION = YES;
				CLANG_WARN_NON_LITERAL_NULL_CONVERSION = YES;
				CLANG_WARN_OBJC_IMPLICIT_RETAIN_SELF = YES;
				CLANG_WARN_OBJC_LITERAL_CONVERSION = YES;
				CLANG_WARN_OBJC_ROOT_CLASS = YES_ERROR;
				CLANG_WARN_RANGE_LOOP_ANALYSIS = YES;
				CLANG_WARN_STRICT_PROTOTYPES = YES;
				CLANG_WARN_SUSPICIOUS_MOVE = YES;
				CLANG_WARN_UNGUARDED_AVAILABILITY = YES_AGGRESSIVE;
				CLANG_WARN_UNREACHABLE_CODE = YES;
				CLANG_WARN__DUPLICATE_METHOD_MATCH = YES;
				CODE_SIGN_IDENTITY = "iPhone Developer";
				COPY_PHASE_STRIP = NO;
				DEBUG_INFORMATION_FORMAT = "dwarf-with-dsym";
				ENABLE_NS_ASSERTIONS = NO;
				ENABLE_STRICT_OBJC_MSGSEND = YES;
				GCC_C_LANGUAGE_STANDARD = gnu11;
				GCC_NO_COMMON_BLOCKS = YES;
				GCC_WARN_64_TO_32_BIT_CONVERSION = YES;
				GCC_WARN_ABOUT_RETURN_TYPE = YES_ERROR;
				GCC_WARN_UNDECLARED_SELECTOR = YES;
				GCC_WARN_UNINITIALIZED_AUTOS = YES_AGGRESSIVE;
				GCC_WARN_UNUSED_FUNCTION = YES;
				GCC_WARN_UNUSED_VARIABLE = YES;
				IPHONEOS_DEPLOYMENT_TARGET = 11.4;
				MTL_ENABLE_DEBUG_INFO = NO;
				SDKROOT = iphoneos;
				SWIFT_COMPILATION_MODE = wholemodule;
				SWIFT_OPTIMIZATION_LEVEL = "-O";
				VALIDATE_PRODUCT = YES;
			};
			name = Release;
		};
		D066031F21492EEE00432AD8 /* Debug */ = {
			isa = XCBuildConfiguration;
			baseConfigurationReference = 4EF2BD3DBE39882A80C29E96 /* Pods-TVShows.debug.xcconfig */;
			buildSettings = {
				ASSETCATALOG_COMPILER_APPICON_NAME = AppIcon;
				CODE_SIGN_STYLE = Automatic;
				DEVELOPMENT_TEAM = JW7BM5U5BT;
				INFOPLIST_FILE = TVShows/Info.plist;
				LD_RUNPATH_SEARCH_PATHS = (
					"$(inherited)",
					"@executable_path/Frameworks",
				);
				PRODUCT_BUNDLE_IDENTIFIER = com.petra15.TVShows;
				PRODUCT_NAME = "$(TARGET_NAME)";
				SWIFT_VERSION = 4.0;
				TARGETED_DEVICE_FAMILY = 1;
			};
			name = Debug;
		};
		D066032021492EEE00432AD8 /* Release */ = {
			isa = XCBuildConfiguration;
			baseConfigurationReference = CB4C052CF6D052FA91E4A463 /* Pods-TVShows.release.xcconfig */;
			buildSettings = {
				ASSETCATALOG_COMPILER_APPICON_NAME = AppIcon;
				CODE_SIGN_STYLE = Automatic;
				DEVELOPMENT_TEAM = JW7BM5U5BT;
				INFOPLIST_FILE = TVShows/Info.plist;
				LD_RUNPATH_SEARCH_PATHS = (
					"$(inherited)",
					"@executable_path/Frameworks",
				);
				PRODUCT_BUNDLE_IDENTIFIER = com.petra15.TVShows;
				PRODUCT_NAME = "$(TARGET_NAME)";
				SWIFT_VERSION = 4.0;
				TARGETED_DEVICE_FAMILY = 1;
			};
			name = Release;
		};
/* End XCBuildConfiguration section */

/* Begin XCConfigurationList section */
		D066030721492EED00432AD8 /* Build configuration list for PBXProject "TVShows" */ = {
			isa = XCConfigurationList;
			buildConfigurations = (
				D066031C21492EEE00432AD8 /* Debug */,
				D066031D21492EEE00432AD8 /* Release */,
			);
			defaultConfigurationIsVisible = 0;
			defaultConfigurationName = Release;
		};
		D066031E21492EEE00432AD8 /* Build configuration list for PBXNativeTarget "TVShows" */ = {
			isa = XCConfigurationList;
			buildConfigurations = (
				D066031F21492EEE00432AD8 /* Debug */,
				D066032021492EEE00432AD8 /* Release */,
			);
			defaultConfigurationIsVisible = 0;
			defaultConfigurationName = Release;
		};
/* End XCConfigurationList section */
	};
	rootObject = D066030421492EED00432AD8 /* Project object */;
}
